
Microsoft Visual Studio Solution File, Format Version 12.00
# Visual Studio Version 17
VisualStudioVersion = 17.3.32929.385
MinimumVisualStudioVersion = 10.0.40219.1
Project("{FAE04EC0-301F-11D3-BF4B-00C04F79EFBC}") = "hm_6", "hm_6\hm_6.csproj", "{B205C0E5-4365-4CE0-9237-E9B76FEC5654}"
EndProject
Global
	GlobalSection(SolutionConfigurationPlatforms) = preSolution
		Debug|Any CPU = Debug|Any CPU
		Release|Any CPU = Release|Any CPU
	EndGlobalSection
	GlobalSection(ProjectConfigurationPlatforms) = postSolution
		{B205C0E5-4365-4CE0-9237-E9B76FEC5654}.Debug|Any CPU.ActiveCfg = Debug|Any CPU
		{B205C0E5-4365-4CE0-9237-E9B76FEC5654}.Debug|Any CPU.Build.0 = Debug|Any CPU
		{B205C0E5-4365-4CE0-9237-E9B76FEC5654}.Release|Any CPU.ActiveCfg = Release|Any CPU
		{B205C0E5-4365-4CE0-9237-E9B76FEC5654}.Release|Any CPU.Build.0 = Release|Any CPU
	EndGlobalSection
	GlobalSection(SolutionProperties) = preSolution
		HideSolutionNode = FALSE
	EndGlobalSection
	GlobalSection(ExtensibilityGlobals) = postSolution
		SolutionGuid = {E1522BEB-5A3C-4917-9557-08F203F6A7FA}
	EndGlobalSection
EndGlobal
